
Microsoft Visual Studio Solution File, Format Version 12.00
# Visual Studio Version 16
VisualStudioVersion = 16.0.29215.179
MinimumVisualStudioVersion = 10.0.40219.1
Project("{FAE04EC0-301F-11D3-BF4B-00C04F79EFBC}") = "PointInPolygonProblem", "PointInPolygonProblem\PointInPolygonProblem.csproj", "{615CFC79-80E9-4CCC-9832-71FFA898DFBB}"
EndProject
Global
	GlobalSection(SolutionConfigurationPlatforms) = preSolution
		Debug|Any CPU = Debug|Any CPU
		Release|Any CPU = Release|Any CPU
	EndGlobalSection
	GlobalSection(ProjectConfigurationPlatforms) = postSolution
		{615CFC79-80E9-4CCC-9832-71FFA898DFBB}.Debug|Any CPU.ActiveCfg = Debug|Any CPU
		{615CFC79-80E9-4CCC-9832-71FFA898DFBB}.Debug|Any CPU.Build.0 = Debug|Any CPU
		{615CFC79-80E9-4CCC-9832-71FFA898DFBB}.Release|Any CPU.ActiveCfg = Release|Any CPU
		{615CFC79-80E9-4CCC-9832-71FFA898DFBB}.Release|Any CPU.Build.0 = Release|Any CPU
	EndGlobalSection
	GlobalSection(SolutionProperties) = preSolution
		HideSolutionNode = FALSE
	EndGlobalSection
	GlobalSection(ExtensibilityGlobals) = postSolution
		SolutionGuid = {2A0D0529-933C-49A2-968E-31C47D4F80AA}
	EndGlobalSection
EndGlobal
